# generated by rye
# use `rye lock` or `rye sync` to update this lockfile
#
# last locked with the following flags:
#   pre: false
#   features: []
#   all-features: false
#   with-sources: false
#   generate-hashes: false
#   universal: false

-e file:.
aiofiles==24.1.0
    # via black-fish
aiohttp==3.9.5
    # via black-fish
aiosignal==1.3.1
    # via aiohttp
async-timeout==4.0.3
    # via aiohttp
asyncio==3.4.3
    # via black-fish
attrs==23.2.0
    # via aiohttp
beautifulsoup4==4.12.3
    # via markdownify
certifi==2024.7.4
    # via requests
charset-normalizer==3.3.2
    # via requests
click==8.1.7
    # via drissionpage
cssselect==1.2.0
    # via drissionpage
    # via parsel
datarecorder==3.5.1
    # via downloadkit
downloadkit==2.0.2
    # via drissionpage
drissionpage==4.0.5.6
    # via black-fish
et-xmlfile==1.1.0
    # via openpyxl
exceptiongroup==1.2.2
    # via pytest
filelock==3.15.4
    # via tldextract
frozenlist==1.4.1
    # via aiohttp
    # via aiosignal
idna==3.7
    # via requests
    # via tldextract
    # via yarl
iniconfig==2.0.0
    # via pytest
jmespath==1.0.1
    # via parsel
loguru==0.7.2
    # via black-fish
lxml==5.2.2
    # via drissionpage
    # via parsel
markdownify==0.13.1
    # via black-fish
multidict==6.0.5
    # via aiohttp
    # via yarl
openpyxl==3.1.5
    # via datarecorder
packaging==24.1
    # via parsel
    # via pytest
parsel==1.9.1
    # via black-fish
pluggy==1.5.0
    # via pytest
psutil==6.0.0
    # via drissionpage
pytest==8.3.1
requests==2.32.3
    # via downloadkit
    # via drissionpage
    # via requests-file
    # via tldextract
requests-file==2.1.0
    # via tldextract
six==1.16.0
    # via markdownify
soupsieve==2.5
    # via beautifulsoup4
tldextract==5.1.2
    # via drissionpage
tomli==2.0.1
    # via pytest
urllib3==2.2.2
    # via requests
w3lib==2.2.1
    # via parsel
websocket-client==1.8.0
    # via drissionpage
yarl==1.9.4
    # via aiohttp
